
Microsoft Visual Studio Solution File, Format Version 12.00
# Visual Studio 15
VisualStudioVersion = 15.0.28010.2016
MinimumVisualStudioVersion = 10.0.40219.1
Project("{FAE04EC0-301F-11D3-BF4B-00C04F79EFBC}") = "461-HammingDistance", "461-HammingDistance\461-HammingDistance.csproj", "{E9D3FF91-E0E5-40B1-815C-3D9A2081A2E5}"
EndProject
Project("{FAE04EC0-301F-11D3-BF4B-00C04F79EFBC}") = "283-MoveZeroes", "283-MoveZeroes\283-MoveZeroes.csproj", "{D6E28919-8CC3-4C30-8AB2-5508C1635D70}"
EndProject
Project("{FAE04EC0-301F-11D3-BF4B-00C04F79EFBC}") = "13-RomanToInteger", "13-RomanToInteger\13-RomanToInteger.csproj", "{7CB7E5F9-9E7A-4B56-B91D-D53965524862}"
EndProject
Project("{FAE04EC0-301F-11D3-BF4B-00C04F79EFBC}") = "206-ReverseLinkedList", "206-ReverseLinkedList\206-ReverseLinkedList.csproj", "{E9386A6E-7072-4A0C-812E-C0CF4967FE02}"
EndProject
Project("{FAE04EC0-301F-11D3-BF4B-00C04F79EFBC}") = "268-MissingNumber", "268-MissingNumber\268-MissingNumber.csproj", "{93897F0A-B37F-42D0-AC60-AB497B78A4A1}"
EndProject
Project("{FAE04EC0-301F-11D3-BF4B-00C04F79EFBC}") = "121-BestTimeToBuyStocks", "121-BestTimeToBuyStocks\121-BestTimeToBuyStocks.csproj", "{8AB697A1-99AA-4A36-8D4F-F06980CDB974}"
EndProject
Project("{FAE04EC0-301F-11D3-BF4B-00C04F79EFBC}") = "38-CountAndSay", "38-CountAndSay\38-CountAndSay.csproj", "{3EE72646-EC22-4119-9876-6FE4AE593D7F}"
EndProject
Project("{FAE04EC0-301F-11D3-BF4B-00C04F79EFBC}") = "26-RemoveDuplicatesFromSortedArray", "26-RemoveDuplicatesFromSortedArray\26-RemoveDuplicatesFromSortedArray.csproj", "{5A3136B5-5F13-4C4B-A166-8DF89D6C49C2}"
EndProject
Project("{FAE04EC0-301F-11D3-BF4B-00C04F79EFBC}") = "67-AddBinary", "67-AddBinary\67-AddBinary.csproj", "{B52148B3-2536-4430-B7C5-535BE7C13B6B}"
EndProject
Project("{FAE04EC0-301F-11D3-BF4B-00C04F79EFBC}") = "234-PalindromeLinkedList", "234-PalindromeLinkedList\234-PalindromeLinkedList.csproj", "{34217ACF-5E93-4A72-B70F-2697CC82F25B}"
EndProject
Project("{FAE04EC0-301F-11D3-BF4B-00C04F79EFBC}") = "88-MergeSortedArray", "88-MergeSortedArray\88-MergeSortedArray.csproj", "{22F3783C-E292-41E6-A792-289E5E9F8FEC}"
EndProject
Project("{FAE04EC0-301F-11D3-BF4B-00C04F79EFBC}") = "28-ImplementStrStr", "28-ImplementStrStr\28-ImplementStrStr.csproj", "{BBAE2AFD-4734-4197-8028-DADAE97EA0D3}"
EndProject
Project("{FAE04EC0-301F-11D3-BF4B-00C04F79EFBC}") = "69-Sqrt", "69-Sqrt\69-Sqrt.csproj", "{47427D82-016F-4742-810B-CB3E6B72F132}"
EndProject
Project("{FAE04EC0-301F-11D3-BF4B-00C04F79EFBC}") = "125-ValidPalindrome", "125-ValidPalindrome\125-ValidPalindrome.csproj", "{B69A6C2D-D48B-46FA-8524-151176DE451A}"
EndProject
Project("{FAE04EC0-301F-11D3-BF4B-00C04F79EFBC}") = "168-ExcelSheetColumnTitle", "168-ExcelSheetColumnTitle\168-ExcelSheetColumnTitle.csproj", "{E3D17F6A-074B-4D4C-ACD8-13AE9F640D5A}"
EndProject
Global
	GlobalSection(SolutionConfigurationPlatforms) = preSolution
		Debug|Any CPU = Debug|Any CPU
		Release|Any CPU = Release|Any CPU
	EndGlobalSection
	GlobalSection(ProjectConfigurationPlatforms) = postSolution
		{E9D3FF91-E0E5-40B1-815C-3D9A2081A2E5}.Debug|Any CPU.ActiveCfg = Debug|Any CPU
		{E9D3FF91-E0E5-40B1-815C-3D9A2081A2E5}.Debug|Any CPU.Build.0 = Debug|Any CPU
		{E9D3FF91-E0E5-40B1-815C-3D9A2081A2E5}.Release|Any CPU.ActiveCfg = Release|Any CPU
		{E9D3FF91-E0E5-40B1-815C-3D9A2081A2E5}.Release|Any CPU.Build.0 = Release|Any CPU
		{D6E28919-8CC3-4C30-8AB2-5508C1635D70}.Debug|Any CPU.ActiveCfg = Debug|Any CPU
		{D6E28919-8CC3-4C30-8AB2-5508C1635D70}.Debug|Any CPU.Build.0 = Debug|Any CPU
		{D6E28919-8CC3-4C30-8AB2-5508C1635D70}.Release|Any CPU.ActiveCfg = Release|Any CPU
		{D6E28919-8CC3-4C30-8AB2-5508C1635D70}.Release|Any CPU.Build.0 = Release|Any CPU
		{7CB7E5F9-9E7A-4B56-B91D-D53965524862}.Debug|Any CPU.ActiveCfg = Debug|Any CPU
		{7CB7E5F9-9E7A-4B56-B91D-D53965524862}.Debug|Any CPU.Build.0 = Debug|Any CPU
		{7CB7E5F9-9E7A-4B56-B91D-D53965524862}.Release|Any CPU.ActiveCfg = Release|Any CPU
		{7CB7E5F9-9E7A-4B56-B91D-D53965524862}.Release|Any CPU.Build.0 = Release|Any CPU
		{E9386A6E-7072-4A0C-812E-C0CF4967FE02}.Debug|Any CPU.ActiveCfg = Debug|Any CPU
		{E9386A6E-7072-4A0C-812E-C0CF4967FE02}.Debug|Any CPU.Build.0 = Debug|Any CPU
		{E9386A6E-7072-4A0C-812E-C0CF4967FE02}.Release|Any CPU.ActiveCfg = Release|Any CPU
		{E9386A6E-7072-4A0C-812E-C0CF4967FE02}.Release|Any CPU.Build.0 = Release|Any CPU
		{93897F0A-B37F-42D0-AC60-AB497B78A4A1}.Debug|Any CPU.ActiveCfg = Debug|Any CPU
		{93897F0A-B37F-42D0-AC60-AB497B78A4A1}.Debug|Any CPU.Build.0 = Debug|Any CPU
		{93897F0A-B37F-42D0-AC60-AB497B78A4A1}.Release|Any CPU.ActiveCfg = Release|Any CPU
		{93897F0A-B37F-42D0-AC60-AB497B78A4A1}.Release|Any CPU.Build.0 = Release|Any CPU
		{8AB697A1-99AA-4A36-8D4F-F06980CDB974}.Debug|Any CPU.ActiveCfg = Debug|Any CPU
		{8AB697A1-99AA-4A36-8D4F-F06980CDB974}.Debug|Any CPU.Build.0 = Debug|Any CPU
		{8AB697A1-99AA-4A36-8D4F-F06980CDB974}.Release|Any CPU.ActiveCfg = Release|Any CPU
		{8AB697A1-99AA-4A36-8D4F-F06980CDB974}.Release|Any CPU.Build.0 = Release|Any CPU
		{3EE72646-EC22-4119-9876-6FE4AE593D7F}.Debug|Any CPU.ActiveCfg = Debug|Any CPU
		{3EE72646-EC22-4119-9876-6FE4AE593D7F}.Debug|Any CPU.Build.0 = Debug|Any CPU
		{3EE72646-EC22-4119-9876-6FE4AE593D7F}.Release|Any CPU.ActiveCfg = Release|Any CPU
		{3EE72646-EC22-4119-9876-6FE4AE593D7F}.Release|Any CPU.Build.0 = Release|Any CPU
		{5A3136B5-5F13-4C4B-A166-8DF89D6C49C2}.Debug|Any CPU.ActiveCfg = Debug|Any CPU
		{5A3136B5-5F13-4C4B-A166-8DF89D6C49C2}.Debug|Any CPU.Build.0 = Debug|Any CPU
		{5A3136B5-5F13-4C4B-A166-8DF89D6C49C2}.Release|Any CPU.ActiveCfg = Release|Any CPU
		{5A3136B5-5F13-4C4B-A166-8DF89D6C49C2}.Release|Any CPU.Build.0 = Release|Any CPU
		{B52148B3-2536-4430-B7C5-535BE7C13B6B}.Debug|Any CPU.ActiveCfg = Debug|Any CPU
		{B52148B3-2536-4430-B7C5-535BE7C13B6B}.Debug|Any CPU.Build.0 = Debug|Any CPU
		{B52148B3-2536-4430-B7C5-535BE7C13B6B}.Release|Any CPU.ActiveCfg = Release|Any CPU
		{B52148B3-2536-4430-B7C5-535BE7C13B6B}.Release|Any CPU.Build.0 = Release|Any CPU
		{34217ACF-5E93-4A72-B70F-2697CC82F25B}.Debug|Any CPU.ActiveCfg = Debug|Any CPU
		{34217ACF-5E93-4A72-B70F-2697CC82F25B}.Debug|Any CPU.Build.0 = Debug|Any CPU
		{34217ACF-5E93-4A72-B70F-2697CC82F25B}.Release|Any CPU.ActiveCfg = Release|Any CPU
		{34217ACF-5E93-4A72-B70F-2697CC82F25B}.Release|Any CPU.Build.0 = Release|Any CPU
		{22F3783C-E292-41E6-A792-289E5E9F8FEC}.Debug|Any CPU.ActiveCfg = Debug|Any CPU
		{22F3783C-E292-41E6-A792-289E5E9F8FEC}.Debug|Any CPU.Build.0 = Debug|Any CPU
		{22F3783C-E292-41E6-A792-289E5E9F8FEC}.Release|Any CPU.ActiveCfg = Release|Any CPU
		{22F3783C-E292-41E6-A792-289E5E9F8FEC}.Release|Any CPU.Build.0 = Release|Any CPU
		{BBAE2AFD-4734-4197-8028-DADAE97EA0D3}.Debug|Any CPU.ActiveCfg = Debug|Any CPU
		{BBAE2AFD-4734-4197-8028-DADAE97EA0D3}.Debug|Any CPU.Build.0 = Debug|Any CPU
		{BBAE2AFD-4734-4197-8028-DADAE97EA0D3}.Release|Any CPU.ActiveCfg = Release|Any CPU
		{BBAE2AFD-4734-4197-8028-DADAE97EA0D3}.Release|Any CPU.Build.0 = Release|Any CPU
		{47427D82-016F-4742-810B-CB3E6B72F132}.Debug|Any CPU.ActiveCfg = Debug|Any CPU
		{47427D82-016F-4742-810B-CB3E6B72F132}.Debug|Any CPU.Build.0 = Debug|Any CPU
		{47427D82-016F-4742-810B-CB3E6B72F132}.Release|Any CPU.ActiveCfg = Release|Any CPU
		{47427D82-016F-4742-810B-CB3E6B72F132}.Release|Any CPU.Build.0 = Release|Any CPU
		{B69A6C2D-D48B-46FA-8524-151176DE451A}.Debug|Any CPU.ActiveCfg = Debug|Any CPU
		{B69A6C2D-D48B-46FA-8524-151176DE451A}.Debug|Any CPU.Build.0 = Debug|Any CPU
		{B69A6C2D-D48B-46FA-8524-151176DE451A}.Release|Any CPU.ActiveCfg = Release|Any CPU
		{B69A6C2D-D48B-46FA-8524-151176DE451A}.Release|Any CPU.Build.0 = Release|Any CPU
		{E3D17F6A-074B-4D4C-ACD8-13AE9F640D5A}.Debug|Any CPU.ActiveCfg = Debug|Any CPU
		{E3D17F6A-074B-4D4C-ACD8-13AE9F640D5A}.Debug|Any CPU.Build.0 = Debug|Any CPU
		{E3D17F6A-074B-4D4C-ACD8-13AE9F640D5A}.Release|Any CPU.ActiveCfg = Release|Any CPU
		{E3D17F6A-074B-4D4C-ACD8-13AE9F640D5A}.Release|Any CPU.Build.0 = Release|Any CPU
	EndGlobalSection
	GlobalSection(SolutionProperties) = preSolution
		HideSolutionNode = FALSE
	EndGlobalSection
	GlobalSection(ExtensibilityGlobals) = postSolution
		SolutionGuid = {412326A5-6025-44BE-A00A-B983A8BEE3D8}
	EndGlobalSection
EndGlobal
